PODS:
  - FXForms (1.2.13)
  - MagicalRecord (2.3.0)
  - UITableView+NSFetchedResultsController (1.0)
  - WAAppRouting (0.0.3)
  - WACoreDataSpotlight (0.0.1)

DEPENDENCIES:
  - FXForms
  - MagicalRecord
  - UITableView+NSFetchedResultsController
  - WAAppRouting
  - WACoreDataSpotlight (from `../WACoreDataSpotlight.podspec`)

EXTERNAL SOURCES:
  WACoreDataSpotlight:
    :path: "../WACoreDataSpotlight.podspec"

SPEC CHECKSUMS:
  FXForms: 22d5ceafd8ca44d2f2be4827afcf00aaf80184a5
  MagicalRecord: 89eb7d7ead39fb37f01c3d010665ee94d17f8dba
  UITableView+NSFetchedResultsController: 4dbe639219ec2261da75e310508b98f9d2b250d3
  WAAppRouting: 1a16303bb2502b64e5f4fe287a19339cb40bf3dc
  WACoreDataSpotlight: 9c5a10436112bfbebae53cf0f869b62fa29f4848

COCOAPODS: 0.38.0
